// !$*UTF8*$!
{
	archiveVersion = 1;
	classes = {
	};
	objectVersion = 55;
	objects = {

/* Begin PBXBuildFile section */
		27478CB52817F1A7001D73A7 /* AppDelegate.swift in Sources */ = {isa = PBXBuildFile; fileRef = 27478CB42817F1A7001D73A7 /* AppDelegate.swift */; };
		27478CB92817F1A7001D73A7 /* ViewController.swift in Sources */ = {isa = PBXBuildFile; fileRef = 27478CB82817F1A7001D73A7 /* ViewController.swift */; };
		27478CBC2817F1A7001D73A7 /* Main.storyboard in Resources */ = {isa = PBXBuildFile; fileRef = 27478CBA2817F1A7001D73A7 /* Main.storyboard */; };
		27478CBE2817F1A9001D73A7 /* Assets.xcassets in Resources */ = {isa = PBXBuildFile; fileRef = 27478CBD2817F1A9001D73A7 /* Assets.xcassets */; };
		27478CC12817F1A9001D73A7 /* LaunchScreen.storyboard in Resources */ = {isa = PBXBuildFile; fileRef = 27478CBF2817F1A9001D73A7 /* LaunchScreen.storyboard */; };
		27478CCC2817F1AA001D73A7 /* GuardianProToDoTests.swift in Sources */ = {isa = PBXBuildFile; fileRef = 27478CCB2817F1AA001D73A7 /* GuardianProToDoTests.swift */; };
		27478CD62817F1AA001D73A7 /* GuardianProToDoUITests.swift in Sources */ = {isa = PBXBuildFile; fileRef = 27478CD52817F1AA001D73A7 /* GuardianProToDoUITests.swift */; };
		27478CD82817F1AA001D73A7 /* GuardianProToDoUITestsLaunchTests.swift in Sources */ = {isa = PBXBuildFile; fileRef = 27478CD72817F1AA001D73A7 /* GuardianProToDoUITestsLaunchTests.swift */; };
		27478CFB2817F697001D73A7 /* BViperModuleInterface.swift in Sources */ = {isa = PBXBuildFile; fileRef = 27478CEA2817F697001D73A7 /* BViperModuleInterface.swift */; };
		27478CFC2817F697001D73A7 /* BViperInteractorInterface.swift in Sources */ = {isa = PBXBuildFile; fileRef = 27478CED2817F697001D73A7 /* BViperInteractorInterface.swift */; };
		27478CFD2817F697001D73A7 /* BViperInteractor.swift in Sources */ = {isa = PBXBuildFile; fileRef = 27478CEE2817F697001D73A7 /* BViperInteractor.swift */; };
		27478CFE2817F697001D73A7 /* BViperPresenter.swift in Sources */ = {isa = PBXBuildFile; fileRef = 27478CF12817F697001D73A7 /* BViperPresenter.swift */; };
		27478CFF2817F697001D73A7 /* BViperWireframe.swift in Sources */ = {isa = PBXBuildFile; fileRef = 27478CF32817F697001D73A7 /* BViperWireframe.swift */; };
		27478D002817F697001D73A7 /* BViperWireFrameInterface.swift in Sources */ = {isa = PBXBuildFile; fileRef = 27478CF42817F697001D73A7 /* BViperWireFrameInterface.swift */; };
		27478D012817F697001D73A7 /* BViperViewController.swift in Sources */ = {isa = PBXBuildFile; fileRef = 27478CF62817F697001D73A7 /* BViperViewController.swift */; };
		27478D022817F697001D73A7 /* BViperViewControllerInterface.swift in Sources */ = {isa = PBXBuildFile; fileRef = 27478CF72817F697001D73A7 /* BViperViewControllerInterface.swift */; };
		27478D032817F697001D73A7 /* BTableViewController.xib in Resources */ = {isa = PBXBuildFile; fileRef = 27478CF92817F697001D73A7 /* BTableViewController.xib */; };
		27478D042817F697001D73A7 /* BTableViewController.swift in Sources */ = {isa = PBXBuildFile; fileRef = 27478CFA2817F697001D73A7 /* BTableViewController.swift */; };
		27478D172817F781001D73A7 /* MainViperModuleInterface.swift in Sources */ = {isa = PBXBuildFile; fileRef = 27478D092817F781001D73A7 /* MainViperModuleInterface.swift */; };
		27478D182817F781001D73A7 /* MainViperInteractor.swift in Sources */ = {isa = PBXBuildFile; fileRef = 27478D0C2817F781001D73A7 /* MainViperInteractor.swift */; };
		27478D192817F781001D73A7 /* MainViperInteractorInterface.swift in Sources */ = {isa = PBXBuildFile; fileRef = 27478D0D2817F781001D73A7 /* MainViperInteractorInterface.swift */; };
		27478D1A2817F781001D73A7 /* MainViperPresenter.swift in Sources */ = {isa = PBXBuildFile; fileRef = 27478D102817F781001D73A7 /* MainViperPresenter.swift */; };
		27478D1B2817F781001D73A7 /* MainViperWireframeInterface.swift in Sources */ = {isa = PBXBuildFile; fileRef = 27478D122817F781001D73A7 /* MainViperWireframeInterface.swift */; };
		27478D1C2817F781001D73A7 /* MainViperWireframe.swift in Sources */ = {isa = PBXBuildFile; fileRef = 27478D132817F781001D73A7 /* MainViperWireframe.swift */; };
		27478D1D2817F781001D73A7 /* MainViperViewInterface.swift in Sources */ = {isa = PBXBuildFile; fileRef = 27478D152817F781001D73A7 /* MainViperViewInterface.swift */; };
		27478D1E2817F781001D73A7 /* MainViperViewController.swift in Sources */ = {isa = PBXBuildFile; fileRef = 27478D162817F781001D73A7 /* MainViperViewController.swift */; };
		27478D282817F7AA001D73A7 /* ServiceManager.swift in Sources */ = {isa = PBXBuildFile; fileRef = 27478D202817F7AA001D73A7 /* ServiceManager.swift */; };
		27478D292817F7AA001D73A7 /* NavigationManager.swift in Sources */ = {isa = PBXBuildFile; fileRef = 27478D212817F7AA001D73A7 /* NavigationManager.swift */; };
		27478D2A2817F7AA001D73A7 /* UIManager.swift in Sources */ = {isa = PBXBuildFile; fileRef = 27478D222817F7AA001D73A7 /* UIManager.swift */; };
		27478D2B2817F7AA001D73A7 /* ResponseBaseModel.swift in Sources */ = {isa = PBXBuildFile; fileRef = 27478D242817F7AA001D73A7 /* ResponseBaseModel.swift */; };
		27478D2D2817F7AA001D73A7 /* ViewObjectModel.swift in Sources */ = {isa = PBXBuildFile; fileRef = 27478D272817F7AA001D73A7 /* ViewObjectModel.swift */; };
		27478D342817F7BA001D73A7 /* Constant.swift in Sources */ = {isa = PBXBuildFile; fileRef = 27478D2F2817F7BA001D73A7 /* Constant.swift */; };
		27478D352817F7BA001D73A7 /* TableViewCellModel.swift in Sources */ = {isa = PBXBuildFile; fileRef = 27478D322817F7BA001D73A7 /* TableViewCellModel.swift */; };
		27478D362817F7BA001D73A7 /* BBaseTableViewCell.swift in Sources */ = {isa = PBXBuildFile; fileRef = 27478D332817F7BA001D73A7 /* BBaseTableViewCell.swift */; };
		27478D402817FEFC001D73A7 /* ApiError.swift in Sources */ = {isa = PBXBuildFile; fileRef = 27478D382817FEFC001D73A7 /* ApiError.swift */; };
		27478D422817FEFC001D73A7 /* EventsEndpointHandler.swift in Sources */ = {isa = PBXBuildFile; fileRef = 27478D3A2817FEFC001D73A7 /* EventsEndpointHandler.swift */; };
		27478D432817FEFC001D73A7 /* URLSessionMock.swift in Sources */ = {isa = PBXBuildFile; fileRef = 27478D3B2817FEFC001D73A7 /* URLSessionMock.swift */; };
		27478D442817FEFC001D73A7 /* URLSessionDataTaskMock.swift in Sources */ = {isa = PBXBuildFile; fileRef = 27478D3C2817FEFC001D73A7 /* URLSessionDataTaskMock.swift */; };
		27494C8A28189DE1004F6851 /* DateUtils.swift in Sources */ = {isa = PBXBuildFile; fileRef = 27494C8928189DE1004F6851 /* DateUtils.swift */; };
		27494C8C2818A33A004F6851 /* ContentManager.swift in Sources */ = {isa = PBXBuildFile; fileRef = 27494C8B2818A33A004F6851 /* ContentManager.swift */; };
		27494C8F2818BA2B004F6851 /* DefaultCurrencyComponent.swift in Sources */ = {isa = PBXBuildFile; fileRef = 27494C8D2818BA2B004F6851 /* DefaultCurrencyComponent.swift */; };
		27494C902818BA2B004F6851 /* DefaultCurrencyComponent.xib in Resources */ = {isa = PBXBuildFile; fileRef = 27494C8E2818BA2B004F6851 /* DefaultCurrencyComponent.xib */; };
		27494C932818C214004F6851 /* CurrencyAmountComponent.swift in Sources */ = {isa = PBXBuildFile; fileRef = 27494C912818C214004F6851 /* CurrencyAmountComponent.swift */; };
		27494C942818C214004F6851 /* CurrencyAmountComponent.xib in Resources */ = {isa = PBXBuildFile; fileRef = 27494C922818C214004F6851 /* CurrencyAmountComponent.xib */; };
/* End PBXBuildFile section */

/* Begin PBXContainerItemProxy section */
		27478CC82817F1AA001D73A7 /* PBXContainerItemProxy */ = {
			isa = PBXContainerItemProxy;
			containerPortal = 27478CA92817F1A7001D73A7 /* Project object */;
			proxyType = 1;
			remoteGlobalIDString = 27478CB02817F1A7001D73A7;
			remoteInfo = GuardianProToDo;
		};
		27478CD22817F1AA001D73A7 /* PBXContainerItemProxy */ = {
			isa = PBXContainerItemProxy;
			containerPortal = 27478CA92817F1A7001D73A7 /* Project object */;
			proxyType = 1;
			remoteGlobalIDString = 27478CB02817F1A7001D73A7;
			remoteInfo = GuardianProToDo;
		};
/* End PBXContainerItemProxy section */

/* Begin PBXFileReference section */
		27478CB12817F1A7001D73A7 /* GuardianProToDo.app */ = {isa = PBXFileReference; explicitFileType = wrapper.application; includeInIndex = 0; path = GuardianProToDo.app; sourceTree = BUILT_PRODUCTS_DIR; };
		27478CB42817F1A7001D73A7 /* AppDelegate.swift */ = {isa = PBXFileReference; lastKnownFileType = sourcecode.swift; path = AppDelegate.swift; sourceTree = "<group>"; };
		27478CB82817F1A7001D73A7 /* ViewController.swift */ = {isa = PBXFileReference; lastKnownFileType = sourcecode.swift; path = ViewController.swift; sourceTree = "<group>"; };
		27478CBB2817F1A7001D73A7 /* Base */ = {isa = PBXFileReference; lastKnownFileType = file.storyboard; name = Base; path = Base.lproj/Main.storyboard; sourceTree = "<group>"; };
		27478CBD2817F1A9001D73A7 /* Assets.xcassets */ = {isa = PBXFileReference; lastKnownFileType = folder.assetcatalog; path = Assets.xcassets; sourceTree = "<group>"; };
		27478CC02817F1A9001D73A7 /* Base */ = {isa = PBXFileReference; lastKnownFileType = file.storyboard; name = Base; path = Base.lproj/LaunchScreen.storyboard; sourceTree = "<group>"; };
		27478CC22817F1A9001D73A7 /* Info.plist */ = {isa = PBXFileReference; lastKnownFileType = text.plist.xml; path = Info.plist; sourceTree = "<group>"; };
		27478CC72817F1AA001D73A7 /* GuardianProToDoTests.xctest */ = {isa = PBXFileReference; explicitFileType = wrapper.cfbundle; includeInIndex = 0; path = GuardianProToDoTests.xctest; sourceTree = BUILT_PRODUCTS_DIR; };
		27478CCB2817F1AA001D73A7 /* GuardianProToDoTests.swift */ = {isa = PBXFileReference; lastKnownFileType = sourcecode.swift; path = GuardianProToDoTests.swift; sourceTree = "<group>"; };
		27478CD12817F1AA001D73A7 /* GuardianProToDoUITests.xctest */ = {isa = PBXFileReference; explicitFileType = wrapper.cfbundle; includeInIndex = 0; path = GuardianProToDoUITests.xctest; sourceTree = BUILT_PRODUCTS_DIR; };
		27478CD52817F1AA001D73A7 /* GuardianProToDoUITests.swift */ = {isa = PBXFileReference; lastKnownFileType = sourcecode.swift; path = GuardianProToDoUITests.swift; sourceTree = "<group>"; };
		27478CD72817F1AA001D73A7 /* GuardianProToDoUITestsLaunchTests.swift */ = {isa = PBXFileReference; lastKnownFileType = sourcecode.swift; path = GuardianProToDoUITestsLaunchTests.swift; sourceTree = "<group>"; };
		27478CEA2817F697001D73A7 /* BViperModuleInterface.swift */ = {isa = PBXFileReference; fileEncoding = 4; lastKnownFileType = sourcecode.swift; path = BViperModuleInterface.swift; sourceTree = "<group>"; };
		27478CED2817F697001D73A7 /* BViperInteractorInterface.swift */ = {isa = PBXFileReference; fileEncoding = 4; lastKnownFileType = sourcecode.swift; path = BViperInteractorInterface.swift; sourceTree = "<group>"; };
		27478CEE2817F697001D73A7 /* BViperInteractor.swift */ = {isa = PBXFileReference; fileEncoding = 4; lastKnownFileType = sourcecode.swift; path = BViperInteractor.swift; sourceTree = "<group>"; };
		27478CF12817F697001D73A7 /* BViperPresenter.swift */ = {isa = PBXFileReference; fileEncoding = 4; lastKnownFileType = sourcecode.swift; path = BViperPresenter.swift; sourceTree = "<group>"; };
		27478CF32817F697001D73A7 /* BViperWireframe.swift */ = {isa = PBXFileReference; fileEncoding = 4; lastKnownFileType = sourcecode.swift; path = BViperWireframe.swift; sourceTree = "<group>"; };
		27478CF42817F697001D73A7 /* BViperWireFrameInterface.swift */ = {isa = PBXFileReference; fileEncoding = 4; lastKnownFileType = sourcecode.swift; path = BViperWireFrameInterface.swift; sourceTree = "<group>"; };
		27478CF62817F697001D73A7 /* BViperViewController.swift */ = {isa = PBXFileReference; fileEncoding = 4; lastKnownFileType = sourcecode.swift; path = BViperViewController.swift; sourceTree = "<group>"; };
		27478CF72817F697001D73A7 /* BViperViewControllerInterface.swift */ = {isa = PBXFileReference; fileEncoding = 4; lastKnownFileType = sourcecode.swift; path = BViperViewControllerInterface.swift; sourceTree = "<group>"; };
		27478CF92817F697001D73A7 /* BTableViewController.xib */ = {isa = PBXFileReference; fileEncoding = 4; lastKnownFileType = file.xib; path = BTableViewController.xib; sourceTree = "<group>"; };
		27478CFA2817F697001D73A7 /* BTableViewController.swift */ = {isa = PBXFileReference; fileEncoding = 4; lastKnownFileType = sourcecode.swift; path = BTableViewController.swift; sourceTree = "<group>"; };
		27478D092817F781001D73A7 /* MainViperModuleInterface.swift */ = {isa = PBXFileReference; fileEncoding = 4; lastKnownFileType = sourcecode.swift; path = MainViperModuleInterface.swift; sourceTree = "<group>"; };
		27478D0C2817F781001D73A7 /* MainViperInteractor.swift */ = {isa = PBXFileReference; fileEncoding = 4; lastKnownFileType = sourcecode.swift; path = MainViperInteractor.swift; sourceTree = "<group>"; };
		27478D0D2817F781001D73A7 /* MainViperInteractorInterface.swift */ = {isa = PBXFileReference; fileEncoding = 4; lastKnownFileType = sourcecode.swift; path = MainViperInteractorInterface.swift; sourceTree = "<group>"; };
		27478D102817F781001D73A7 /* MainViperPresenter.swift */ = {isa = PBXFileReference; fileEncoding = 4; lastKnownFileType = sourcecode.swift; path = MainViperPresenter.swift; sourceTree = "<group>"; };
		27478D122817F781001D73A7 /* MainViperWireframeInterface.swift */ = {isa = PBXFileReference; fileEncoding = 4; lastKnownFileType = sourcecode.swift; path = MainViperWireframeInterface.swift; sourceTree = "<group>"; };
		27478D132817F781001D73A7 /* MainViperWireframe.swift */ = {isa = PBXFileReference; fileEncoding = 4; lastKnownFileType = sourcecode.swift; path = MainViperWireframe.swift; sourceTree = "<group>"; };
		27478D152817F781001D73A7 /* MainViperViewInterface.swift */ = {isa = PBXFileReference; fileEncoding = 4; lastKnownFileType = sourcecode.swift; path = MainViperViewInterface.swift; sourceTree = "<group>"; };
		27478D162817F781001D73A7 /* MainViperViewController.swift */ = {isa = PBXFileReference; fileEncoding = 4; lastKnownFileType = sourcecode.swift; path = MainViperViewController.swift; sourceTree = "<group>"; };
		27478D202817F7AA001D73A7 /* ServiceManager.swift */ = {isa = PBXFileReference; fileEncoding = 4; lastKnownFileType = sourcecode.swift; path = ServiceManager.swift; sourceTree = "<group>"; };
		27478D212817F7AA001D73A7 /* NavigationManager.swift */ = {isa = PBXFileReference; fileEncoding = 4; lastKnownFileType = sourcecode.swift; path = NavigationManager.swift; sourceTree = "<group>"; };
		27478D222817F7AA001D73A7 /* UIManager.swift */ = {isa = PBXFileReference; fileEncoding = 4; lastKnownFileType = sourcecode.swift; path = UIManager.swift; sourceTree = "<group>"; };
		27478D242817F7AA001D73A7 /* ResponseBaseModel.swift */ = {isa = PBXFileReference; fileEncoding = 4; lastKnownFileType = sourcecode.swift; path = ResponseBaseModel.swift; sourceTree = "<group>"; };
		27478D272817F7AA001D73A7 /* ViewObjectModel.swift */ = {isa = PBXFileReference; fileEncoding = 4; lastKnownFileType = sourcecode.swift; path = ViewObjectModel.swift; sourceTree = "<group>"; };
		27478D2F2817F7BA001D73A7 /* Constant.swift */ = {isa = PBXFileReference; fileEncoding = 4; lastKnownFileType = sourcecode.swift; path = Constant.swift; sourceTree = "<group>"; };
		27478D322817F7BA001D73A7 /* TableViewCellModel.swift */ = {isa = PBXFileReference; fileEncoding = 4; lastKnownFileType = sourcecode.swift; path = TableViewCellModel.swift; sourceTree = "<group>"; };
		27478D332817F7BA001D73A7 /* BBaseTableViewCell.swift */ = {isa = PBXFileReference; fileEncoding = 4; lastKnownFileType = sourcecode.swift; path = BBaseTableViewCell.swift; sourceTree = "<group>"; };
		27478D382817FEFC001D73A7 /* ApiError.swift */ = {isa = PBXFileReference; fileEncoding = 4; lastKnownFileType = sourcecode.swift; path = ApiError.swift; sourceTree = "<group>"; };
		27478D3A2817FEFC001D73A7 /* EventsEndpointHandler.swift */ = {isa = PBXFileReference; fileEncoding = 4; lastKnownFileType = sourcecode.swift; path = EventsEndpointHandler.swift; sourceTree = "<group>"; };
		27478D3B2817FEFC001D73A7 /* URLSessionMock.swift */ = {isa = PBXFileReference; fileEncoding = 4; lastKnownFileType = sourcecode.swift; path = URLSessionMock.swift; sourceTree = "<group>"; };
		27478D3C2817FEFC001D73A7 /* URLSessionDataTaskMock.swift */ = {isa = PBXFileReference; fileEncoding = 4; lastKnownFileType = sourcecode.swift; path = URLSessionDataTaskMock.swift; sourceTree = "<group>"; };
		27494C8928189DE1004F6851 /* DateUtils.swift */ = {isa = PBXFileReference; lastKnownFileType = sourcecode.swift; path = DateUtils.swift; sourceTree = "<group>"; };
		27494C8B2818A33A004F6851 /* ContentManager.swift */ = {isa = PBXFileReference; lastKnownFileType = sourcecode.swift; path = ContentManager.swift; sourceTree = "<group>"; };
		27494C8D2818BA2B004F6851 /* DefaultCurrencyComponent.swift */ = {isa = PBXFileReference; lastKnownFileType = sourcecode.swift; path = DefaultCurrencyComponent.swift; sourceTree = "<group>"; };
		27494C8E2818BA2B004F6851 /* DefaultCurrencyComponent.xib */ = {isa = PBXFileReference; lastKnownFileType = file.xib; path = DefaultCurrencyComponent.xib; sourceTree = "<group>"; };
		27494C912818C214004F6851 /* CurrencyAmountComponent.swift */ = {isa = PBXFileReference; lastKnownFileType = sourcecode.swift; path = CurrencyAmountComponent.swift; sourceTree = "<group>"; };
		27494C922818C214004F6851 /* CurrencyAmountComponent.xib */ = {isa = PBXFileReference; lastKnownFileType = file.xib; path = CurrencyAmountComponent.xib; sourceTree = "<group>"; };
/* End PBXFileReference section */

/* Begin PBXFrameworksBuildPhase section */
		27478CAE2817F1A7001D73A7 /* Frameworks */ = {
			isa = PBXFrameworksBuildPhase;
			buildActionMask = 2147483647;
			files = (
			);
			runOnlyForDeploymentPostprocessing = 0;
		};
		27478CC42817F1AA001D73A7 /* Frameworks */ = {
			isa = PBXFrameworksBuildPhase;
			buildActionMask = 2147483647;
			files = (
			);
			runOnlyForDeploymentPostprocessing = 0;
		};
		27478CCE2817F1AA001D73A7 /* Frameworks */ = {
			isa = PBXFrameworksBuildPhase;
			buildActionMask = 2147483647;
			files = (
			);
			runOnlyForDeploymentPostprocessing = 0;
		};
/* End PBXFrameworksBuildPhase section */

/* Begin PBXGroup section */
		27478CA82817F1A7001D73A7 = {
			isa = PBXGroup;
			children = (
				27478CB32817F1A7001D73A7 /* GuardianProToDo */,
				27478CCA2817F1AA001D73A7 /* GuardianProToDoTests */,
				27478CD42817F1AA001D73A7 /* GuardianProToDoUITests */,
				27478CB22817F1A7001D73A7 /* Products */,
			);
			sourceTree = "<group>";
		};
		27478CB22817F1A7001D73A7 /* Products */ = {
			isa = PBXGroup;
			children = (
				27478CB12817F1A7001D73A7 /* GuardianProToDo.app */,
				27478CC72817F1AA001D73A7 /* GuardianProToDoTests.xctest */,
				27478CD12817F1AA001D73A7 /* GuardianProToDoUITests.xctest */,
			);
			name = Products;
			sourceTree = "<group>";
		};
		27478CB32817F1A7001D73A7 /* GuardianProToDo */ = {
			isa = PBXGroup;
			children = (
				27494C8828189D91004F6851 /* Utils */,
				27478D372817FEFC001D73A7 /* API */,
				27478D2E2817F7BA001D73A7 /* Common */,
				27478D302817F7BA001D73A7 /* Components */,
				27478D1F2817F7AA001D73A7 /* Manager */,
				27478D232817F7AA001D73A7 /* Model */,
				27478D072817F781001D73A7 /* MainViper */,
				27478CE72817F697001D73A7 /* BaseViper */,
				27478CB42817F1A7001D73A7 /* AppDelegate.swift */,
				27478CB82817F1A7001D73A7 /* ViewController.swift */,
				27478CBA2817F1A7001D73A7 /* Main.storyboard */,
				27478CBD2817F1A9001D73A7 /* Assets.xcassets */,
				27478CBF2817F1A9001D73A7 /* LaunchScreen.storyboard */,
				27478CC22817F1A9001D73A7 /* Info.plist */,
			);
			path = GuardianProToDo;
			sourceTree = "<group>";
		};
		27478CCA2817F1AA001D73A7 /* GuardianProToDoTests */ = {
			isa = PBXGroup;
			children = (
				27478CCB2817F1AA001D73A7 /* GuardianProToDoTests.swift */,
			);
			path = GuardianProToDoTests;
			sourceTree = "<group>";
		};
		27478CD42817F1AA001D73A7 /* GuardianProToDoUITests */ = {
			isa = PBXGroup;
			children = (
				27478CD52817F1AA001D73A7 /* GuardianProToDoUITests.swift */,
				27478CD72817F1AA001D73A7 /* GuardianProToDoUITestsLaunchTests.swift */,
			);
			path = GuardianProToDoUITests;
			sourceTree = "<group>";
		};
		27478CE72817F697001D73A7 /* BaseViper */ = {
			isa = PBXGroup;
			children = (
				27478CE82817F697001D73A7 /* BViewModel */,
				27478CF82817F697001D73A7 /* BTableViewController */,
			);
			path = BaseViper;
			sourceTree = "<group>";
		};
		27478CE82817F697001D73A7 /* BViewModel */ = {
			isa = PBXGroup;
			children = (
				27478CE92817F697001D73A7 /* Model Interface */,
				27478CEB2817F697001D73A7 /* ApplicationLoggic */,
				27478CEF2817F697001D73A7 /* User Interface */,
			);
			path = BViewModel;
			sourceTree = "<group>";
		};
		27478CE92817F697001D73A7 /* Model Interface */ = {
			isa = PBXGroup;
			children = (
				27478CEA2817F697001D73A7 /* BViperModuleInterface.swift */,
			);
			path = "Model Interface";
			sourceTree = "<group>";
		};
		27478CEB2817F697001D73A7 /* ApplicationLoggic */ = {
			isa = PBXGroup;
			children = (
				27478CEC2817F697001D73A7 /* Interaction */,
			);
			path = ApplicationLoggic;
			sourceTree = "<group>";
		};
		27478CEC2817F697001D73A7 /* Interaction */ = {
			isa = PBXGroup;
			children = (
				27478CED2817F697001D73A7 /* BViperInteractorInterface.swift */,
				27478CEE2817F697001D73A7 /* BViperInteractor.swift */,
			);
			path = Interaction;
			sourceTree = "<group>";
		};
		27478CEF2817F697001D73A7 /* User Interface */ = {
			isa = PBXGroup;
			children = (
				27478CF02817F697001D73A7 /* Presenter */,
				27478CF22817F697001D73A7 /* WireFrame */,
				27478CF52817F697001D73A7 /* View */,
			);
			path = "User Interface";
			sourceTree = "<group>";
		};
		27478CF02817F697001D73A7 /* Presenter */ = {
			isa = PBXGroup;
			children = (
				27478CF12817F697001D73A7 /* BViperPresenter.swift */,
			);
			path = Presenter;
			sourceTree = "<group>";
		};
		27478CF22817F697001D73A7 /* WireFrame */ = {
			isa = PBXGroup;
			children = (
				27478CF32817F697001D73A7 /* BViperWireframe.swift */,
				27478CF42817F697001D73A7 /* BViperWireFrameInterface.swift */,
			);
			path = WireFrame;
			sourceTree = "<group>";
		};
		27478CF52817F697001D73A7 /* View */ = {
			isa = PBXGroup;
			children = (
				27478CF62817F697001D73A7 /* BViperViewController.swift */,
				27478CF72817F697001D73A7 /* BViperViewControllerInterface.swift */,
			);
			path = View;
			sourceTree = "<group>";
		};
		27478CF82817F697001D73A7 /* BTableViewController */ = {
			isa = PBXGroup;
			children = (
				27478CF92817F697001D73A7 /* BTableViewController.xib */,
				27478CFA2817F697001D73A7 /* BTableViewController.swift */,
			);
			path = BTableViewController;
			sourceTree = "<group>";
		};
		27478D072817F781001D73A7 /* MainViper */ = {
			isa = PBXGroup;
			children = (
				27478D082817F781001D73A7 /* Module Interface */,
				27478D0A2817F781001D73A7 /* Application Logic */,
				27478D0E2817F781001D73A7 /* User Interface */,
			);
			path = MainViper;
			sourceTree = "<group>";
		};
		27478D082817F781001D73A7 /* Module Interface */ = {
			isa = PBXGroup;
			children = (
				27478D092817F781001D73A7 /* MainViperModuleInterface.swift */,
			);
			path = "Module Interface";
			sourceTree = "<group>";
		};
		27478D0A2817F781001D73A7 /* Application Logic */ = {
			isa = PBXGroup;
			children = (
				27478D0B2817F781001D73A7 /* Interactor */,
			);
			path = "Application Logic";
			sourceTree = "<group>";
		};
		27478D0B2817F781001D73A7 /* Interactor */ = {
			isa = PBXGroup;
			children = (
				27478D0C2817F781001D73A7 /* MainViperInteractor.swift */,
				27478D0D2817F781001D73A7 /* MainViperInteractorInterface.swift */,
			);
			path = Interactor;
			sourceTree = "<group>";
		};
		27478D0E2817F781001D73A7 /* User Interface */ = {
			isa = PBXGroup;
			children = (
				27478D0F2817F781001D73A7 /* Presenter */,
				27478D112817F781001D73A7 /* Wireframe */,
				27478D142817F781001D73A7 /* View */,
			);
			path = "User Interface";
			sourceTree = "<group>";
		};
		27478D0F2817F781001D73A7 /* Presenter */ = {
			isa = PBXGroup;
			children = (
				27478D102817F781001D73A7 /* MainViperPresenter.swift */,
			);
			path = Presenter;
			sourceTree = "<group>";
		};
		27478D112817F781001D73A7 /* Wireframe */ = {
			isa = PBXGroup;
			children = (
				27478D122817F781001D73A7 /* MainViperWireframeInterface.swift */,
				27478D132817F781001D73A7 /* MainViperWireframe.swift */,
			);
			path = Wireframe;
			sourceTree = "<group>";
		};
		27478D142817F781001D73A7 /* View */ = {
			isa = PBXGroup;
			children = (
				27478D152817F781001D73A7 /* MainViperViewInterface.swift */,
				27478D162817F781001D73A7 /* MainViperViewController.swift */,
			);
			path = View;
			sourceTree = "<group>";
		};
		27478D1F2817F7AA001D73A7 /* Manager */ = {
			isa = PBXGroup;
			children = (
				27478D202817F7AA001D73A7 /* ServiceManager.swift */,
				27478D212817F7AA001D73A7 /* NavigationManager.swift */,
				27478D222817F7AA001D73A7 /* UIManager.swift */,
				27494C8B2818A33A004F6851 /* ContentManager.swift */,
			);
			path = Manager;
			sourceTree = "<group>";
		};
		27478D232817F7AA001D73A7 /* Model */ = {
			isa = PBXGroup;
			children = (
				27478D242817F7AA001D73A7 /* ResponseBaseModel.swift */,
				27478D262817F7AA001D73A7 /* BaseModel */,
			);
			path = Model;
			sourceTree = "<group>";
		};
		27478D262817F7AA001D73A7 /* BaseModel */ = {
			isa = PBXGroup;
			children = (
				27478D272817F7AA001D73A7 /* ViewObjectModel.swift */,
			);
			path = BaseModel;
			sourceTree = "<group>";
		};
		27478D2E2817F7BA001D73A7 /* Common */ = {
			isa = PBXGroup;
			children = (
				27478D2F2817F7BA001D73A7 /* Constant.swift */,
			);
			path = Common;
			sourceTree = "<group>";
		};
		27478D302817F7BA001D73A7 /* Components */ = {
			isa = PBXGroup;
			children = (
				27478D312817F7BA001D73A7 /* UIModel */,
				27478D332817F7BA001D73A7 /* BBaseTableViewCell.swift */,
				27494C8D2818BA2B004F6851 /* DefaultCurrencyComponent.swift */,
				27494C8E2818BA2B004F6851 /* DefaultCurrencyComponent.xib */,
				27494C912818C214004F6851 /* CurrencyAmountComponent.swift */,
				27494C922818C214004F6851 /* CurrencyAmountComponent.xib */,
			);
			path = Components;
			sourceTree = "<group>";
		};
		27478D312817F7BA001D73A7 /* UIModel */ = {
			isa = PBXGroup;
			children = (
				27478D322817F7BA001D73A7 /* TableViewCellModel.swift */,
			);
			path = UIModel;
			sourceTree = "<group>";
		};
		27478D372817FEFC001D73A7 /* API */ = {
			isa = PBXGroup;
			children = (
				27478D382817FEFC001D73A7 /* ApiError.swift */,
				27478D3A2817FEFC001D73A7 /* EventsEndpointHandler.swift */,
				27478D3B2817FEFC001D73A7 /* URLSessionMock.swift */,
				27478D3C2817FEFC001D73A7 /* URLSessionDataTaskMock.swift */,
			);
			path = API;
			sourceTree = "<group>";
		};
		27494C8828189D91004F6851 /* Utils */ = {
			isa = PBXGroup;
			children = (
				27494C8928189DE1004F6851 /* DateUtils.swift */,
			);
			path = Utils;
			sourceTree = "<group>";
		};
/* End PBXGroup section */

/* Begin PBXNativeTarget section */
		27478CB02817F1A7001D73A7 /* GuardianProToDo */ = {
			isa = PBXNativeTarget;
			buildConfigurationList = 27478CDB2817F1AA001D73A7 /* Build configuration list for PBXNativeTarget "GuardianProToDo" */;
			buildPhases = (
				27478CAD2817F1A7001D73A7 /* Sources */,
				27478CAE2817F1A7001D73A7 /* Frameworks */,
				27478CAF2817F1A7001D73A7 /* Resources */,
			);
			buildRules = (
			);
			dependencies = (
			);
			name = GuardianProToDo;
			productName = GuardianProToDo;
			productReference = 27478CB12817F1A7001D73A7 /* GuardianProToDo.app */;
			productType = "com.apple.product-type.application";
		};
		27478CC62817F1AA001D73A7 /* GuardianProToDoTests */ = {
			isa = PBXNativeTarget;
			buildConfigurationList = 27478CDE2817F1AA001D73A7 /* Build configuration list for PBXNativeTarget "GuardianProToDoTests" */;
			buildPhases = (
				27478CC32817F1AA001D73A7 /* Sources */,
				27478CC42817F1AA001D73A7 /* Frameworks */,
				27478CC52817F1AA001D73A7 /* Resources */,
			);
			buildRules = (
			);
			dependencies = (
				27478CC92817F1AA001D73A7 /* PBXTargetDependency */,
			);
			name = GuardianProToDoTests;
			productName = GuardianProToDoTests;
			productReference = 27478CC72817F1AA001D73A7 /* GuardianProToDoTests.xctest */;
			productType = "com.apple.product-type.bundle.unit-test";
		};
		27478CD02817F1AA001D73A7 /* GuardianProToDoUITests */ = {
			isa = PBXNativeTarget;
			buildConfigurationList = 27478CE12817F1AA001D73A7 /* Build configuration list for PBXNativeTarget "GuardianProToDoUITests" */;
			buildPhases = (
				27478CCD2817F1AA001D73A7 /* Sources */,
				27478CCE2817F1AA001D73A7 /* Frameworks */,
				27478CCF2817F1AA001D73A7 /* Resources */,
			);
			buildRules = (
			);
			dependencies = (
				27478CD32817F1AA001D73A7 /* PBXTargetDependency */,
			);
			name = GuardianProToDoUITests;
			productName = GuardianProToDoUITests;
			productReference = 27478CD12817F1AA001D73A7 /* GuardianProToDoUITests.xctest */;
			productType = "com.apple.product-type.bundle.ui-testing";
		};
/* End PBXNativeTarget section */

/* Begin PBXProject section */
		27478CA92817F1A7001D73A7 /* Project object */ = {
			isa = PBXProject;
			attributes = {
				BuildIndependentTargetsInParallel = 1;
				LastSwiftUpdateCheck = 1320;
				LastUpgradeCheck = 1320;
				TargetAttributes = {
					27478CB02817F1A7001D73A7 = {
						CreatedOnToolsVersion = 13.2.1;
					};
					27478CC62817F1AA001D73A7 = {
						CreatedOnToolsVersion = 13.2.1;
						TestTargetID = 27478CB02817F1A7001D73A7;
					};
					27478CD02817F1AA001D73A7 = {
						CreatedOnToolsVersion = 13.2.1;
						TestTargetID = 27478CB02817F1A7001D73A7;
					};
				};
			};
			buildConfigurationList = 27478CAC2817F1A7001D73A7 /* Build configuration list for PBXProject "GuardianProToDo" */;
			compatibilityVersion = "Xcode 13.0";
			developmentRegion = en;
			hasScannedForEncodings = 0;
			knownRegions = (
				en,
				Base,
			);
			mainGroup = 27478CA82817F1A7001D73A7;
			productRefGroup = 27478CB22817F1A7001D73A7 /* Products */;
			projectDirPath = "";
			projectRoot = "";
			targets = (
				27478CB02817F1A7001D73A7 /* GuardianProToDo */,
				27478CC62817F1AA001D73A7 /* GuardianProToDoTests */,
				27478CD02817F1AA001D73A7 /* GuardianProToDoUITests */,
			);
		};
/* End PBXProject section */

/* Begin PBXResourcesBuildPhase section */
		27478CAF2817F1A7001D73A7 /* Resources */ = {
			isa = PBXResourcesBuildPhase;
			buildActionMask = 2147483647;
			files = (
				27494C942818C214004F6851 /* CurrencyAmountComponent.xib in Resources */,
				27478CC12817F1A9001D73A7 /* LaunchScreen.storyboard in Resources */,
				27494C902818BA2B004F6851 /* DefaultCurrencyComponent.xib in Resources */,
				27478CBE2817F1A9001D73A7 /* Assets.xcassets in Resources */,
				27478D032817F697001D73A7 /* BTableViewController.xib in Resources */,
				27478CBC2817F1A7001D73A7 /* Main.storyboard in Resources */,
			);
			runOnlyForDeploymentPostprocessing = 0;
		};
		27478CC52817F1AA001D73A7 /* Resources */ = {
			isa = PBXResourcesBuildPhase;
			buildActionMask = 2147483647;
			files = (
			);
			runOnlyForDeploymentPostprocessing = 0;
		};
		27478CCF2817F1AA001D73A7 /* Resources */ = {
			isa = PBXResourcesBuildPhase;
			buildActionMask = 2147483647;
			files = (
			);
			runOnlyForDeploymentPostprocessing = 0;
		};
/* End PBXResourcesBuildPhase section */

/* Begin PBXSourcesBuildPhase section */
		27478CAD2817F1A7001D73A7 /* Sources */ = {
			isa = PBXSourcesBuildPhase;
			buildActionMask = 2147483647;
			files = (
				27478D1C2817F781001D73A7 /* MainViperWireframe.swift in Sources */,
				27478D2D2817F7AA001D73A7 /* ViewObjectModel.swift in Sources */,
				27478CFD2817F697001D73A7 /* BViperInteractor.swift in Sources */,
				27478CFC2817F697001D73A7 /* BViperInteractorInterface.swift in Sources */,
				27494C8C2818A33A004F6851 /* ContentManager.swift in Sources */,
				27478CFF2817F697001D73A7 /* BViperWireframe.swift in Sources */,
				27478D442817FEFC001D73A7 /* URLSessionDataTaskMock.swift in Sources */,
				27478D172817F781001D73A7 /* MainViperModuleInterface.swift in Sources */,
				27478D282817F7AA001D73A7 /* ServiceManager.swift in Sources */,
				27478D192817F781001D73A7 /* MainViperInteractorInterface.swift in Sources */,
				27478D422817FEFC001D73A7 /* EventsEndpointHandler.swift in Sources */,
				27478CB92817F1A7001D73A7 /* ViewController.swift in Sources */,
				27478D1A2817F781001D73A7 /* MainViperPresenter.swift in Sources */,
				27478D022817F697001D73A7 /* BViperViewControllerInterface.swift in Sources */,
				27478CFE2817F697001D73A7 /* BViperPresenter.swift in Sources */,
				27478D432817FEFC001D73A7 /* URLSessionMock.swift in Sources */,
				27478D2A2817F7AA001D73A7 /* UIManager.swift in Sources */,
				27478D292817F7AA001D73A7 /* NavigationManager.swift in Sources */,
				27478D2B2817F7AA001D73A7 /* ResponseBaseModel.swift in Sources */,
				27478D042817F697001D73A7 /* BTableViewController.swift in Sources */,
				27478CFB2817F697001D73A7 /* BViperModuleInterface.swift in Sources */,
				27494C932818C214004F6851 /* CurrencyAmountComponent.swift in Sources */,
				27478D012817F697001D73A7 /* BViperViewController.swift in Sources */,
				27478D362817F7BA001D73A7 /* BBaseTableViewCell.swift in Sources */,
				27478D352817F7BA001D73A7 /* TableViewCellModel.swift in Sources */,
				27478D1D2817F781001D73A7 /* MainViperViewInterface.swift in Sources */,
				27478D402817FEFC001D73A7 /* ApiError.swift in Sources */,
				27494C8A28189DE1004F6851 /* DateUtils.swift in Sources */,
				27478D342817F7BA001D73A7 /* Constant.swift in Sources */,
				27494C8F2818BA2B004F6851 /* DefaultCurrencyComponent.swift in Sources */,
				27478D1E2817F781001D73A7 /* MainViperViewController.swift in Sources */,
				27478D182817F781001D73A7 /* MainViperInteractor.swift in Sources */,
				27478D1B2817F781001D73A7 /* MainViperWireframeInterface.swift in Sources */,
				27478CB52817F1A7001D73A7 /* AppDelegate.swift in Sources */,
				27478D002817F697001D73A7 /* BViperWireFrameInterface.swift in Sources */,
			);
			runOnlyForDeploymentPostprocessing = 0;
		};
		27478CC32817F1AA001D73A7 /* Sources */ = {
			isa = PBXSourcesBuildPhase;
			buildActionMask = 2147483647;
			files = (
				27478CCC2817F1AA001D73A7 /* GuardianProToDoTests.swift in Sources */,
			);
			runOnlyForDeploymentPostprocessing = 0;
		};
		27478CCD2817F1AA001D73A7 /* Sources */ = {
			isa = PBXSourcesBuildPhase;
			buildActionMask = 2147483647;
			files = (
				27478CD62817F1AA001D73A7 /* GuardianProToDoUITests.swift in Sources */,
				27478CD82817F1AA001D73A7 /* GuardianProToDoUITestsLaunchTests.swift in Sources */,
			);
			runOnlyForDeploymentPostprocessing = 0;
		};
/* End PBXSourcesBuildPhase section */

/* Begin PBXTargetDependency section */
		27478CC92817F1AA001D73A7 /* PBXTargetDependency */ = {
			isa = PBXTargetDependency;
			target = 27478CB02817F1A7001D73A7 /* GuardianProToDo */;
			targetProxy = 27478CC82817F1AA001D73A7 /* PBXContainerItemProxy */;
		};
		27478CD32817F1AA001D73A7 /* PBXTargetDependency */ = {
			isa = PBXTargetDependency;
			target = 27478CB02817F1A7001D73A7 /* GuardianProToDo */;
			targetProxy = 27478CD22817F1AA001D73A7 /* PBXContainerItemProxy */;
		};
/* End PBXTargetDependency section */

/* Begin PBXVariantGroup section */
		27478CBA2817F1A7001D73A7 /* Main.storyboard */ = {
			isa = PBXVariantGroup;
			children = (
				27478CBB2817F1A7001D73A7 /* Base */,
			);
			name = Main.storyboard;
			sourceTree = "<group>";
		};
		27478CBF2817F1A9001D73A7 /* LaunchScreen.storyboard */ = {
			isa = PBXVariantGroup;
			children = (
				27478CC02817F1A9001D73A7 /* Base */,
			);
			name = LaunchScreen.storyboard;
			sourceTree = "<group>";
		};
/* End PBXVariantGroup section */

/* Begin XCBuildConfiguration section */
		27478CD92817F1AA001D73A7 /* Debug */ = {
			isa = XCBuildConfiguration;
			buildSettings = {
				ALWAYS_SEARCH_USER_PATHS = NO;
				CLANG_ANALYZER_NONNULL = YES;
				CLANG_ANALYZER_NUMBER_OBJECT_CONVERSION = YES_AGGRESSIVE;
				CLANG_CXX_LANGUAGE_STANDARD = "gnu++17";
				CLANG_CXX_LIBRARY = "libc++";
				CLANG_ENABLE_MODULES = YES;
				CLANG_ENABLE_OBJC_ARC = YES;
				CLANG_ENABLE_OBJC_WEAK = YES;
				CLANG_WARN_BLOCK_CAPTURE_AUTORELEASING = YES;
				CLANG_WARN_BOOL_CONVERSION = YES;
				CLANG_WARN_COMMA = YES;
				CLANG_WARN_CONSTANT_CONVERSION = YES;
				CLANG_WARN_DEPRECATED_OBJC_IMPLEMENTATIONS = YES;
				CLANG_WARN_DIRECT_OBJC_ISA_USAGE = YES_ERROR;
				CLANG_WARN_DOCUMENTATION_COMMENTS = YES;
				CLANG_WARN_EMPTY_BODY = YES;
				CLANG_WARN_ENUM_CONVERSION = YES;
				CLANG_WARN_INFINITE_RECURSION = YES;
				CLANG_WARN_INT_CONVERSION = YES;
				CLANG_WARN_NON_LITERAL_NULL_CONVERSION = YES;
				CLANG_WARN_OBJC_IMPLICIT_RETAIN_SELF = YES;
				CLANG_WARN_OBJC_LITERAL_CONVERSION = YES;
				CLANG_WARN_OBJC_ROOT_CLASS = YES_ERROR;
				CLANG_WARN_QUOTED_INCLUDE_IN_FRAMEWORK_HEADER = YES;
				CLANG_WARN_RANGE_LOOP_ANALYSIS = YES;
				CLANG_WARN_STRICT_PROTOTYPES = YES;
				CLANG_WARN_SUSPICIOUS_MOVE = YES;
				CLANG_WARN_UNGUARDED_AVAILABILITY = YES_AGGRESSIVE;
				CLANG_WARN_UNREACHABLE_CODE = YES;
				CLANG_WARN__DUPLICATE_METHOD_MATCH = YES;
				COPY_PHASE_STRIP = NO;
				DEBUG_INFORMATION_FORMAT = dwarf;
				ENABLE_STRICT_OBJC_MSGSEND = YES;
				ENABLE_TESTABILITY = YES;
				GCC_C_LANGUAGE_STANDARD = gnu11;
				GCC_DYNAMIC_NO_PIC = NO;
				GCC_NO_COMMON_BLOCKS = YES;
				GCC_OPTIMIZATION_LEVEL = 0;
				GCC_PREPROCESSOR_DEFINITIONS = (
					"DEBUG=1",
					"$(inherited)",
				);
				GCC_WARN_64_TO_32_BIT_CONVERSION = YES;
				GCC_WARN_ABOUT_RETURN_TYPE = YES_ERROR;
				GCC_WARN_UNDECLARED_SELECTOR = YES;
				GCC_WARN_UNINITIALIZED_AUTOS = YES_AGGRESSIVE;
				GCC_WARN_UNUSED_FUNCTION = YES;
				GCC_WARN_UNUSED_VARIABLE = YES;
				IPHONEOS_DEPLOYMENT_TARGET = 15.2;
				MTL_ENABLE_DEBUG_INFO = INCLUDE_SOURCE;
				MTL_FAST_MATH = YES;
				ONLY_ACTIVE_ARCH = YES;
				SDKROOT = iphoneos;
				SWIFT_ACTIVE_COMPILATION_CONDITIONS = DEBUG;
				SWIFT_OPTIMIZATION_LEVEL = "-Onone";
			};
			name = Debug;
		};
		27478CDA2817F1AA001D73A7 /* Release */ = {
			isa = XCBuildConfiguration;
			buildSettings = {
				ALWAYS_SEARCH_USER_PATHS = NO;
				CLANG_ANALYZER_NONNULL = YES;
				CLANG_ANALYZER_NUMBER_OBJECT_CONVERSION = YES_AGGRESSIVE;
				CLANG_CXX_LANGUAGE_STANDARD = "gnu++17";
				CLANG_CXX_LIBRARY = "libc++";
				CLANG_ENABLE_MODULES = YES;
				CLANG_ENABLE_OBJC_ARC = YES;
				CLANG_ENABLE_OBJC_WEAK = YES;
				CLANG_WARN_BLOCK_CAPTURE_AUTORELEASING = YES;
				CLANG_WARN_BOOL_CONVERSION = YES;
				CLANG_WARN_COMMA = YES;
				CLANG_WARN_CONSTANT_CONVERSION = YES;
				CLANG_WARN_DEPRECATED_OBJC_IMPLEMENTATIONS = YES;
				CLANG_WARN_DIRECT_OBJC_ISA_USAGE = YES_ERROR;
				CLANG_WARN_DOCUMENTATION_COMMENTS = YES;
				CLANG_WARN_EMPTY_BODY = YES;
				CLANG_WARN_ENUM_CONVERSION = YES;
				CLANG_WARN_INFINITE_RECURSION = YES;
				CLANG_WARN_INT_CONVERSION = YES;
				CLANG_WARN_NON_LITERAL_NULL_CONVERSION = YES;
				CLANG_WARN_OBJC_IMPLICIT_RETAIN_SELF = YES;
				CLANG_WARN_OBJC_LITERAL_CONVERSION = YES;
				CLANG_WARN_OBJC_ROOT_CLASS = YES_ERROR;
				CLANG_WARN_QUOTED_INCLUDE_IN_FRAMEWORK_HEADER = YES;
				CLANG_WARN_RANGE_LOOP_ANALYSIS = YES;
				CLANG_WARN_STRICT_PROTOTYPES = YES;
				CLANG_WARN_SUSPICIOUS_MOVE = YES;
				CLANG_WARN_UNGUARDED_AVAILABILITY = YES_AGGRESSIVE;
				CLANG_WARN_UNREACHABLE_CODE = YES;
				CLANG_WARN__DUPLICATE_METHOD_MATCH = YES;
				COPY_PHASE_STRIP = NO;
				DEBUG_INFORMATION_FORMAT = "dwarf-with-dsym";
				ENABLE_NS_ASSERTIONS = NO;
				ENABLE_STRICT_OBJC_MSGSEND = YES;
				GCC_C_LANGUAGE_STANDARD = gnu11;
				GCC_NO_COMMON_BLOCKS = YES;
				GCC_WARN_64_TO_32_BIT_CONVERSION = YES;
				GCC_WARN_ABOUT_RETURN_TYPE = YES_ERROR;
				GCC_WARN_UNDECLARED_SELECTOR = YES;
				GCC_WARN_UNINITIALIZED_AUTOS = YES_AGGRESSIVE;
				GCC_WARN_UNUSED_FUNCTION = YES;
				GCC_WARN_UNUSED_VARIABLE = YES;
				IPHONEOS_DEPLOYMENT_TARGET = 15.2;
				MTL_ENABLE_DEBUG_INFO = NO;
				MTL_FAST_MATH = YES;
				SDKROOT = iphoneos;
				SWIFT_COMPILATION_MODE = wholemodule;
				SWIFT_OPTIMIZATION_LEVEL = "-O";
				VALIDATE_PRODUCT = YES;
			};
			name = Release;
		};
		27478CDC2817F1AA001D73A7 /* Debug */ = {
			isa = XCBuildConfiguration;
			buildSettings = {
				ASSETCATALOG_COMPILER_APPICON_NAME = AppIcon;
				ASSETCATALOG_COMPILER_GLOBAL_ACCENT_COLOR_NAME = AccentColor;
				CODE_SIGN_STYLE = Automatic;
				CURRENT_PROJECT_VERSION = 1;
				GENERATE_INFOPLIST_FILE = YES;
				INFOPLIST_FILE = GuardianProToDo/Info.plist;
				INFOPLIST_KEY_UIApplicationSupportsIndirectInputEvents = YES;
				INFOPLIST_KEY_UILaunchStoryboardName = LaunchScreen;
				INFOPLIST_KEY_UIMainStoryboardFile = Main;
				INFOPLIST_KEY_UISupportedInterfaceOrientations_iPad = "UIInterfaceOrientationPortrait UIInterfaceOrientationPortraitUpsideDown UIInterfaceOrientationLandscapeLeft UIInterfaceOrientationLandscapeRight";
				INFOPLIST_KEY_UISupportedInterfaceOrientations_iPhone = "UIInterfaceOrientationPortrait UIInterfaceOrientationLandscapeLeft UIInterfaceOrientationLandscapeRight";
				LD_RUNPATH_SEARCH_PATHS = (
					"$(inherited)",
					"@executable_path/Frameworks",
				);
				MARKETING_VERSION = 1.0;
				PRODUCT_BUNDLE_IDENTIFIER = com.alimyldz.co.GuardianProToDo;
				PRODUCT_NAME = "$(TARGET_NAME)";
				SWIFT_EMIT_LOC_STRINGS = YES;
				SWIFT_VERSION = 5.0;
				TARGETED_DEVICE_FAMILY = "1,2";
			};
			name = Debug;
		};
		27478CDD2817F1AA001D73A7 /* Release */ = {
			isa = XCBuildConfiguration;
			buildSettings = {
				ASSETCATALOG_COMPILER_APPICON_NAME = AppIcon;
				ASSETCATALOG_COMPILER_GLOBAL_ACCENT_COLOR_NAME = AccentColor;
				CODE_SIGN_STYLE = Automatic;
				CURRENT_PROJECT_VERSION = 1;
				GENERATE_INFOPLIST_FILE = YES;
				INFOPLIST_FILE = GuardianProToDo/Info.plist;
				INFOPLIST_KEY_UIApplicationSupportsIndirectInputEvents = YES;
				INFOPLIST_KEY_UILaunchStoryboardName = LaunchScreen;
				INFOPLIST_KEY_UIMainStoryboardFile = Main;
				INFOPLIST_KEY_UISupportedInterfaceOrientations_iPad = "UIInterfaceOrientationPortrait UIInterfaceOrientationPortraitUpsideDown UIInterfaceOrientationLandscapeLeft UIInterfaceOrientationLandscapeRight";
				INFOPLIST_KEY_UISupportedInterfaceOrientations_iPhone = "UIInterfaceOrientationPortrait UIInterfaceOrientationLandscapeLeft UIInterfaceOrientationLandscapeRight";
				LD_RUNPATH_SEARCH_PATHS = (
					"$(inherited)",
					"@executable_path/Frameworks",
				);
				MARKETING_VERSION = 1.0;
				PRODUCT_BUNDLE_IDENTIFIER = com.alimyldz.co.GuardianProToDo;
				PRODUCT_NAME = "$(TARGET_NAME)";
				SWIFT_EMIT_LOC_STRINGS = YES;
				SWIFT_VERSION = 5.0;
				TARGETED_DEVICE_FAMILY = "1,2";
			};
			name = Release;
		};
		27478CDF2817F1AA001D73A7 /* Debug */ = {
			isa = XCBuildConfiguration;
			buildSettings = {
				ALWAYS_EMBED_SWIFT_STANDARD_LIBRARIES = YES;
				BUNDLE_LOADER = "$(TEST_HOST)";
				CODE_SIGN_STYLE = Automatic;
				CURRENT_PROJECT_VERSION = 1;
				GENERATE_INFOPLIST_FILE = YES;
				IPHONEOS_DEPLOYMENT_TARGET = 15.2;
				MARKETING_VERSION = 1.0;
				PRODUCT_BUNDLE_IDENTIFIER = com.alimyldz.co.GuardianProToDoTests;
				PRODUCT_NAME = "$(TARGET_NAME)";
				SWIFT_EMIT_LOC_STRINGS = NO;
				SWIFT_VERSION = 5.0;
				TARGETED_DEVICE_FAMILY = "1,2";
				TEST_HOST = "$(BUILT_PRODUCTS_DIR)/GuardianProToDo.app/GuardianProToDo";
			};
			name = Debug;
		};
		27478CE02817F1AA001D73A7 /* Release */ = {
			isa = XCBuildConfiguration;
			buildSettings = {
				ALWAYS_EMBED_SWIFT_STANDARD_LIBRARIES = YES;
				BUNDLE_LOADER = "$(TEST_HOST)";
				CODE_SIGN_STYLE = Automatic;
				CURRENT_PROJECT_VERSION = 1;
				GENERATE_INFOPLIST_FILE = YES;
				IPHONEOS_DEPLOYMENT_TARGET = 15.2;
				MARKETING_VERSION = 1.0;
				PRODUCT_BUNDLE_IDENTIFIER = com.alimyldz.co.GuardianProToDoTests;
				PRODUCT_NAME = "$(TARGET_NAME)";
				SWIFT_EMIT_LOC_STRINGS = NO;
				SWIFT_VERSION = 5.0;
				TARGETED_DEVICE_FAMILY = "1,2";
				TEST_HOST = "$(BUILT_PRODUCTS_DIR)/GuardianProToDo.app/GuardianProToDo";
			};
			name = Release;
		};
		27478CE22817F1AA001D73A7 /* Debug */ = {
			isa = XCBuildConfiguration;
			buildSettings = {
				ALWAYS_EMBED_SWIFT_STANDARD_LIBRARIES = YES;
				CODE_SIGN_STYLE = Automatic;
				CURRENT_PROJECT_VERSION = 1;
				GENERATE_INFOPLIST_FILE = YES;
				MARKETING_VERSION = 1.0;
				PRODUCT_BUNDLE_IDENTIFIER = com.alimyldz.co.GuardianProToDoUITests;
				PRODUCT_NAME = "$(TARGET_NAME)";
				SWIFT_EMIT_LOC_STRINGS = NO;
				SWIFT_VERSION = 5.0;
				TARGETED_DEVICE_FAMILY = "1,2";
				TEST_TARGET_NAME = GuardianProToDo;
			};
			name = Debug;
		};
		27478CE32817F1AA001D73A7 /* Release */ = {
			isa = XCBuildConfiguration;
			buildSettings = {
				ALWAYS_EMBED_SWIFT_STANDARD_LIBRARIES = YES;
				CODE_SIGN_STYLE = Automatic;
				CURRENT_PROJECT_VERSION = 1;
				GENERATE_INFOPLIST_FILE = YES;
				MARKETING_VERSION = 1.0;
				PRODUCT_BUNDLE_IDENTIFIER = com.alimyldz.co.GuardianProToDoUITests;
				PRODUCT_NAME = "$(TARGET_NAME)";
				SWIFT_EMIT_LOC_STRINGS = NO;
				SWIFT_VERSION = 5.0;
				TARGETED_DEVICE_FAMILY = "1,2";
				TEST_TARGET_NAME = GuardianProToDo;
			};
			name = Release;
		};
/* End XCBuildConfiguration section */

/* Begin XCConfigurationList section */
		27478CAC2817F1A7001D73A7 /* Build configuration list for PBXProject "GuardianProToDo" */ = {
			isa = XCConfigurationList;
			buildConfigurations = (
				27478CD92817F1AA001D73A7 /* Debug */,
				27478CDA2817F1AA001D73A7 /* Release */,
			);
			defaultConfigurationIsVisible = 0;
			defaultConfigurationName = Release;
		};
		27478CDB2817F1AA001D73A7 /* Build configuration list for PBXNativeTarget "GuardianProToDo" */ = {
			isa = XCConfigurationList;
			buildConfigurations = (
				27478CDC2817F1AA001D73A7 /* Debug */,
				27478CDD2817F1AA001D73A7 /* Release */,
			);
			defaultConfigurationIsVisible = 0;
			defaultConfigurationName = Release;
		};
		27478CDE2817F1AA001D73A7 /* Build configuration list for PBXNativeTarget "GuardianProToDoTests" */ = {
			isa = XCConfigurationList;
			buildConfigurations = (
				27478CDF2817F1AA001D73A7 /* Debug */,
				27478CE02817F1AA001D73A7 /* Release */,
			);
			defaultConfigurationIsVisible = 0;
			defaultConfigurationName = Release;
		};
		27478CE12817F1AA001D73A7 /* Build configuration list for PBXNativeTarget "GuardianProToDoUITests" */ = {
			isa = XCConfigurationList;
			buildConfigurations = (
				27478CE22817F1AA001D73A7 /* Debug */,
				27478CE32817F1AA001D73A7 /* Release */,
			);
			defaultConfigurationIsVisible = 0;
			defaultConfigurationName = Release;
		};
/* End XCConfigurationList section */
	};
	rootObject = 27478CA92817F1A7001D73A7 /* Project object */;
}
